
Microsoft Visual Studio Solution File, Format Version 12.00
# Visual Studio Version 16
VisualStudioVersion = 16.0.34031.81
MinimumVisualStudioVersion = 10.0.40219.1
Project("{FAE04EC0-301F-11D3-BF4B-00C04F79EFBC}") = "medrecords", "medrecords\medrecords.csproj", "{3234BBAF-A2C7-4F71-936A-6B7617ECCE94}"
EndProject
Global
	GlobalSection(SolutionConfigurationPlatforms) = preSolution
		Debug|Any CPU = Debug|Any CPU
		Release|Any CPU = Release|Any CPU
	EndGlobalSection
	GlobalSection(ProjectConfigurationPlatforms) = postSolution
		{3234BBAF-A2C7-4F71-936A-6B7617ECCE94}.Debug|Any CPU.ActiveCfg = Debug|Any CPU
		{3234BBAF-A2C7-4F71-936A-6B7617ECCE94}.Debug|Any CPU.Build.0 = Debug|Any CPU
		{3234BBAF-A2C7-4F71-936A-6B7617ECCE94}.Release|Any CPU.ActiveCfg = Release|Any CPU
		{3234BBAF-A2C7-4F71-936A-6B7617ECCE94}.Release|Any CPU.Build.0 = Release|Any CPU
	EndGlobalSection
	GlobalSection(SolutionProperties) = preSolution
		HideSolutionNode = FALSE
	EndGlobalSection
	GlobalSection(ExtensibilityGlobals) = postSolution
		SolutionGuid = {3C217B68-B6C7-4872-BBBD-C817C226704C}
	EndGlobalSection
EndGlobal
